
Microsoft Visual Studio Solution File, Format Version 12.00
# Visual Studio 14
VisualStudioVersion = 14.0.25420.1
MinimumVisualStudioVersion = 10.0.40219.1
Project("{FAE04EC0-301F-11D3-BF4B-00C04F79EFBC}") = "Kattis6 - GetShorty", "Kattis6 - GetShorty\Kattis6 - GetShorty.csproj", "{4BE70CDC-43C1-478B-8DD4-D36BDC7C7570}"
EndProject
Global
	GlobalSection(SolutionConfigurationPlatforms) = preSolution
		Debug|Any CPU = Debug|Any CPU
		Release|Any CPU = Release|Any CPU
	EndGlobalSection
	GlobalSection(ProjectConfigurationPlatforms) = postSolution
		{4BE70CDC-43C1-478B-8DD4-D36BDC7C7570}.Debug|Any CPU.ActiveCfg = Debug|Any CPU
		{4BE70CDC-43C1-478B-8DD4-D36BDC7C7570}.Debug|Any CPU.Build.0 = Debug|Any CPU
		{4BE70CDC-43C1-478B-8DD4-D36BDC7C7570}.Release|Any CPU.ActiveCfg = Release|Any CPU
		{4BE70CDC-43C1-478B-8DD4-D36BDC7C7570}.Release|Any CPU.Build.0 = Release|Any CPU
	EndGlobalSection
	GlobalSection(SolutionProperties) = preSolution
		HideSolutionNode = FALSE
	EndGlobalSection
EndGlobal
